
Microsoft Visual Studio Solution File, Format Version 12.00
# Visual Studio Version 16
VisualStudioVersion = 16.0.32407.337
MinimumVisualStudioVersion = 10.0.40219.1
Project("{FAE04EC0-301F-11D3-BF4B-00C04F79EFBC}") = "QLRapChieuPhim", "QLRapChieuPhim.csproj", "{E80F5DC1-9DB3-451E-BA49-68A34C4EA058}"
EndProject
Global
	GlobalSection(SolutionConfigurationPlatforms) = preSolution
		Debug|Any CPU = Debug|Any CPU
		Release|Any CPU = Release|Any CPU
	EndGlobalSection
	GlobalSection(ProjectConfigurationPlatforms) = postSolution
		{E80F5DC1-9DB3-451E-BA49-68A34C4EA058}.Debug|Any CPU.ActiveCfg = Debug|Any CPU
		{E80F5DC1-9DB3-451E-BA49-68A34C4EA058}.Debug|Any CPU.Build.0 = Debug|Any CPU
		{E80F5DC1-9DB3-451E-BA49-68A34C4EA058}.Release|Any CPU.ActiveCfg = Release|Any CPU
		{E80F5DC1-9DB3-451E-BA49-68A34C4EA058}.Release|Any CPU.Build.0 = Release|Any CPU
	EndGlobalSection
	GlobalSection(SolutionProperties) = preSolution
		HideSolutionNode = FALSE
	EndGlobalSection
	GlobalSection(ExtensibilityGlobals) = postSolution
		SolutionGuid = {8E386D2E-6A97-499D-A9D5-B1D913E186F1}
	EndGlobalSection
EndGlobal
